// !$*UTF8*$!
{
	archiveVersion = 1;
	classes = {
	};
	objectVersion = 77;
	objects = {

/* Begin PBXContainerItemProxy section */
		77E04C0C2EE57CE800BCDDB2 /* PBXContainerItemProxy */ = {
			isa = PBXContainerItemProxy;
			containerPortal = 77E04BED2EE57CE700BCDDB2 /* Project object */;
			proxyType = 1;
			remoteGlobalIDString = 77E04BF42EE57CE700BCDDB2;
			remoteInfo = "Startup Heroes";
		};
		77E04C162EE57CE800BCDDB2 /* PBXContainerItemProxy */ = {
			isa = PBXContainerItemProxy;
			containerPortal = 77E04BED2EE57CE700BCDDB2 /* Project object */;
			proxyType = 1;
			remoteGlobalIDString = 77E04BF42EE57CE700BCDDB2;
			remoteInfo = "Startup Heroes";
		};
/* End PBXContainerItemProxy section */

/* Begin PBXFileReference section */
		77E04BF52EE57CE700BCDDB2 /* Startup Heroes.app */ = {isa = PBXFileReference; explicitFileType = wrapper.application; includeInIndex = 0; path = "Startup Heroes.app"; sourceTree = BUILT_PRODUCTS_DIR; };
		77E04C0B2EE57CE800BCDDB2 /* Startup HeroesTests.xctest */ = {isa = PBXFileReference; explicitFileType = wrapper.cfbundle; includeInIndex = 0; path = "Startup HeroesTests.xctest"; sourceTree = BUILT_PRODUCTS_DIR; };
		77E04C152EE57CE800BCDDB2 /* Startup HeroesUITests.xctest */ = {isa = PBXFileReference; explicitFileType = wrapper.cfbundle; includeInIndex = 0; path = "Startup HeroesUITests.xctest"; sourceTree = BUILT_PRODUCTS_DIR; };
/* End PBXFileReference section */

/* Begin PBXFileSystemSynchronizedRootGroup section */
		77E04BF72EE57CE700BCDDB2 /* Startup Heroes */ = {
			isa = PBXFileSystemSynchronizedRootGroup;
			path = "Startup Heroes";
			sourceTree = "<group>";
		};
		77E04C0E2EE57CE800BCDDB2 /* Startup HeroesTests */ = {
			isa = PBXFileSystemSynchronizedRootGroup;
			path = "Startup HeroesTests";
			sourceTree = "<group>";
		};
		77E04C182EE57CE800BCDDB2 /* Startup HeroesUITests */ = {
			isa = PBXFileSystemSynchronizedRootGroup;
			path = "Startup HeroesUITests";
			sourceTree = "<group>";
		};
/* End PBXFileSystemSynchronizedRootGroup section */

/* Begin PBXFrameworksBuildPhase section */
		77E04BF22EE57CE700BCDDB2 /* Frameworks */ = {
			isa = PBXFrameworksBuildPhase;
			buildActionMask = 2147483647;
			files = (
			);
			runOnlyForDeploymentPostprocessing = 0;
		};
		77E04C082EE57CE800BCDDB2 /* Frameworks */ = {
			isa = PBXFrameworksBuildPhase;
			buildActionMask = 2147483647;
			files = (
			);
			runOnlyForDeploymentPostprocessing = 0;
		};
		77E04C122EE57CE800BCDDB2 /* Frameworks */ = {
			isa = PBXFrameworksBuildPhase;
			buildActionMask = 2147483647;
			files = (
			);
			runOnlyForDeploymentPostprocessing = 0;
		};
/* End PBXFrameworksBuildPhase section */

/* Begin PBXGroup section */
		77E04BEC2EE57CE700BCDDB2 = {
			isa = PBXGroup;
			children = (
				77E04BF72EE57CE700BCDDB2 /* Startup Heroes */,
				77E04C0E2EE57CE800BCDDB2 /* Startup HeroesTests */,
				77E04C182EE57CE800BCDDB2 /* Startup HeroesUITests */,
				77E04BF62EE57CE700BCDDB2 /* Products */,
			);
			sourceTree = "<group>";
		};
		77E04BF62EE57CE700BCDDB2 /* Products */ = {
			isa = PBXGroup;
			children = (
				77E04BF52EE57CE700BCDDB2 /* Startup Heroes.app */,
				77E04C0B2EE57CE800BCDDB2 /* Startup HeroesTests.xctest */,
				77E04C152EE57CE800BCDDB2 /* Startup HeroesUITests.xctest */,
			);
			name = Products;
			sourceTree = "<group>";
		};
/* End PBXGroup section */

/* Begin PBXNativeTarget section */
		77E04BF42EE57CE700BCDDB2 /* Startup Heroes */ = {
			isa = PBXNativeTarget;
			buildConfigurationList = 77E04C1E2EE57CE800BCDDB2 /* Build configuration list for PBXNativeTarget "Startup Heroes" */;
			buildPhases = (
				77E04BF12EE57CE700BCDDB2 /* Sources */,
				77E04BF22EE57CE700BCDDB2 /* Frameworks */,
				77E04BF32EE57CE700BCDDB2 /* Resources */,
			);
			buildRules = (
			);
			dependencies = (
			);
			fileSystemSynchronizedGroups = (
				77E04BF72EE57CE700BCDDB2 /* Startup Heroes */,
			);
			name = "Startup Heroes";
			packageProductDependencies = (
			);
			productName = "Startup Heroes";
			productReference = 77E04BF52EE57CE700BCDDB2 /* Startup Heroes.app */;
			productType = "com.apple.product-type.application";
		};
		77E04C0A2EE57CE800BCDDB2 /* Startup HeroesTests */ = {
			isa = PBXNativeTarget;
			buildConfigurationList = 77E04C232EE57CE800BCDDB2 /* Build configuration list for PBXNativeTarget "Startup HeroesTests" */;
			buildPhases = (
				77E04C072EE57CE800BCDDB2 /* Sources */,
				77E04C082EE57CE800BCDDB2 /* Frameworks */,
				77E04C092EE57CE800BCDDB2 /* Resources */,
			);
			buildRules = (
			);
			dependencies = (
				77E04C0D2EE57CE800BCDDB2 /* PBXTargetDependency */,
			);
			fileSystemSynchronizedGroups = (
				77E04C0E2EE57CE800BCDDB2 /* Startup HeroesTests */,
			);
			name = "Startup HeroesTests";
			packageProductDependencies = (
			);
			productName = "Startup HeroesTests";
			productReference = 77E04C0B2EE57CE800BCDDB2 /* Startup HeroesTests.xctest */;
			productType = "com.apple.product-type.bundle.unit-test";
		};
		77E04C142EE57CE800BCDDB2 /* Startup HeroesUITests */ = {
			isa = PBXNativeTarget;
			buildConfigurationList = 77E04C262EE57CE800BCDDB2 /* Build configuration list for PBXNativeTarget "Startup HeroesUITests" */;
			buildPhases = (
				77E04C112EE57CE800BCDDB2 /* Sources */,
				77E04C122EE57CE800BCDDB2 /* Frameworks */,
				77E04C132EE57CE800BCDDB2 /* Resources */,
			);
			buildRules = (
			);
			dependencies = (
				77E04C172EE57CE800BCDDB2 /* PBXTargetDependency */,
			);
			fileSystemSynchronizedGroups = (
				77E04C182EE57CE800BCDDB2 /* Startup HeroesUITests */,
			);
			name = "Startup HeroesUITests";
			packageProductDependencies = (
			);
			productName = "Startup HeroesUITests";
			productReference = 77E04C152EE57CE800BCDDB2 /* Startup HeroesUITests.xctest */;
			productType = "com.apple.product-type.bundle.ui-testing";
		};
/* End PBXNativeTarget section */

/* Begin PBXProject section */
		77E04BED2EE57CE700BCDDB2 /* Project object */ = {
			isa = PBXProject;
			attributes = {
				BuildIndependentTargetsInParallel = 1;
				LastSwiftUpdateCheck = 2610;
				LastUpgradeCheck = 2610;
				TargetAttributes = {
					77E04BF42EE57CE700BCDDB2 = {
						CreatedOnToolsVersion = 26.1.1;
					};
					77E04C0A2EE57CE800BCDDB2 = {
						CreatedOnToolsVersion = 26.1.1;
						TestTargetID = 77E04BF42EE57CE700BCDDB2;
					};
					77E04C142EE57CE800BCDDB2 = {
						CreatedOnToolsVersion = 26.1.1;
						TestTargetID = 77E04BF42EE57CE700BCDDB2;
					};
				};
			};
			buildConfigurationList = 77E04BF02EE57CE700BCDDB2 /* Build configuration list for PBXProject "Startup Heroes" */;
			developmentRegion = en;
			hasScannedForEncodings = 0;
			knownRegions = (
				en,
				Base,
			);
			mainGroup = 77E04BEC2EE57CE700BCDDB2;
			minimizedProjectReferenceProxies = 1;
			preferredProjectObjectVersion = 77;
			productRefGroup = 77E04BF62EE57CE700BCDDB2 /* Products */;
			projectDirPath = "";
			projectRoot = "";
			targets = (
				77E04BF42EE57CE700BCDDB2 /* Startup Heroes */,
				77E04C0A2EE57CE800BCDDB2 /* Startup HeroesTests */,
				77E04C142EE57CE800BCDDB2 /* Startup HeroesUITests */,
			);
		};
/* End PBXProject section */

/* Begin PBXResourcesBuildPhase section */
		77E04BF32EE57CE700BCDDB2 /* Resources */ = {
			isa = PBXResourcesBuildPhase;
			buildActionMask = 2147483647;
			files = (
			);
			runOnlyForDeploymentPostprocessing = 0;
		};
		77E04C092EE57CE800BCDDB2 /* Resources */ = {
			isa = PBXResourcesBuildPhase;
			buildActionMask = 2147483647;
			files = (
			);
			runOnlyForDeploymentPostprocessing = 0;
		};
		77E04C132EE57CE800BCDDB2 /* Resources */ = {
			isa = PBXResourcesBuildPhase;
			buildActionMask = 2147483647;
			files = (
			);
			runOnlyForDeploymentPostprocessing = 0;
		};
/* End PBXResourcesBuildPhase section */

/* Begin PBXSourcesBuildPhase section */
		77E04BF12EE57CE700BCDDB2 /* Sources */ = {
			isa = PBXSourcesBuildPhase;
			buildActionMask = 2147483647;
			files = (
			);
			runOnlyForDeploymentPostprocessing = 0;
		};
		77E04C072EE57CE800BCDDB2 /* Sources */ = {
			isa = PBXSourcesBuildPhase;
			buildActionMask = 2147483647;
			files = (
			);
			runOnlyForDeploymentPostprocessing = 0;
		};
		77E04C112EE57CE800BCDDB2 /* Sources */ = {
			isa = PBXSourcesBuildPhase;
			buildActionMask = 2147483647;
			files = (
			);
			runOnlyForDeploymentPostprocessing = 0;
		};
/* End PBXSourcesBuildPhase section */

/* Begin PBXTargetDependency section */
		77E04C0D2EE57CE800BCDDB2 /* PBXTargetDependency */ = {
			isa = PBXTargetDependency;
			target = 77E04BF42EE57CE700BCDDB2 /* Startup Heroes */;
			targetProxy = 77E04C0C2EE57CE800BCDDB2 /* PBXContainerItemProxy */;
		};
		77E04C172EE57CE800BCDDB2 /* PBXTargetDependency */ = {
			isa = PBXTargetDependency;
			target = 77E04BF42EE57CE700BCDDB2 /* Startup Heroes */;
			targetProxy = 77E04C162EE57CE800BCDDB2 /* PBXContainerItemProxy */;
		};
/* End PBXTargetDependency section */

/* Begin XCBuildConfiguration section */
		77E04C1F2EE57CE800BCDDB2 /* Debug */ = {
			isa = XCBuildConfiguration;
			buildSettings = {
				ASSETCATALOG_COMPILER_APPICON_NAME = AppIcon;
				ASSETCATALOG_COMPILER_GLOBAL_ACCENT_COLOR_NAME = AccentColor;
				CODE_SIGN_STYLE = Automatic;
				CURRENT_PROJECT_VERSION = 1;
				DEVELOPMENT_TEAM = QJS4FJ5R3Z;
				GENERATE_INFOPLIST_FILE = YES;
				INFOPLIST_FILE = "Startup Heroes/Info.plist";
				INFOPLIST_KEY_UIApplicationSupportsIndirectInputEvents = YES;
				INFOPLIST_KEY_UILaunchStoryboardName = LaunchScreen;
				INFOPLIST_KEY_UIMainStoryboardFile = Main;
				INFOPLIST_KEY_UISupportedInterfaceOrientations_iPad = "UIInterfaceOrientationPortrait UIInterfaceOrientationPortraitUpsideDown UIInterfaceOrientationLandscapeLeft UIInterfaceOrientationLandscapeRight";
				INFOPLIST_KEY_UISupportedInterfaceOrientations_iPhone = "UIInterfaceOrientationPortrait UIInterfaceOrientationLandscapeLeft UIInterfaceOrientationLandscapeRight";
				LD_RUNPATH_SEARCH_PATHS = (
					"$(inherited)",
					"@executable_path/Frameworks",
				);
				MARKETING_VERSION = 1.0;
				PRODUCT_BUNDLE_IDENTIFIER = "com.Startup-Heroes";
				PRODUCT_NAME = "$(TARGET_NAME)";
				STRING_CATALOG_GENERATE_SYMBOLS = YES;
				SWIFT_APPROACHABLE_CONCURRENCY = YES;
				SWIFT_DEFAULT_ACTOR_ISOLATION = MainActor;
				SWIFT_EMIT_LOC_STRINGS = YES;
				SWIFT_UPCOMING_FEATURE_MEMBER_IMPORT_VISIBILITY = YES;
				SWIFT_VERSION = 5.0;
				TARGETED_DEVICE_FAMILY = "1,2";
			};
			name = Debug;
		};
		77E04C202EE57CE800BCDDB2 /* Release */ = {
			isa = XCBuildConfiguration;
			buildSettings = {
				ASSETCATALOG_COMPILER_APPICON_NAME = AppIcon;
				ASSETCATALOG_COMPILER_GLOBAL_ACCENT_COLOR_NAME = AccentColor;
				CODE_SIGN_STYLE = Automatic;
				CURRENT_PROJECT_VERSION = 1;
				DEVELOPMENT_TEAM = QJS4FJ5R3Z;
				GENERATE_INFOPLIST_FILE = YES;
				INFOPLIST_FILE = "Startup Heroes/Info.plist";
				INFOPLIST_KEY_UIApplicationSupportsIndirectInputEvents = YES;
				INFOPLIST_KEY_UILaunchStoryboardName = LaunchScreen;
				INFOPLIST_KEY_UIMainStoryboardFile = Main;
				INFOPLIST_KEY_UISupportedInterfaceOrientations_iPad = "UIInterfaceOrientationPortrait UIInterfaceOrientationPortraitUpsideDown UIInterfaceOrientationLandscapeLeft UIInterfaceOrientationLandscapeRight";
				INFOPLIST_KEY_UISupportedInterfaceOrientations_iPhone = "UIInterfaceOrientationPortrait UIInterfaceOrientationLandscapeLeft UIInterfaceOrientationLandscapeRight";
				LD_RUNPATH_SEARCH_PATHS = (
					"$(inherited)",
					"@executable_path/Frameworks",
				);
				MARKETING_VERSION = 1.0;
				PRODUCT_BUNDLE_IDENTIFIER = "com.Startup-Heroes";
				PRODUCT_NAME = "$(TARGET_NAME)";
				STRING_CATALOG_GENERATE_SYMBOLS = YES;
				SWIFT_APPROACHABLE_CONCURRENCY = YES;
				SWIFT_DEFAULT_ACTOR_ISOLATION = MainActor;
				SWIFT_EMIT_LOC_STRINGS = YES;
				SWIFT_UPCOMING_FEATURE_MEMBER_IMPORT_VISIBILITY = YES;
				SWIFT_VERSION = 5.0;
				TARGETED_DEVICE_FAMILY = "1,2";
			};
			name = Release;
		};
		77E04C212EE57CE800BCDDB2 /* Debug */ = {
			isa = XCBuildConfiguration;
			buildSettings = {
				ALWAYS_SEARCH_USER_PATHS = NO;
				ASSETCATALOG_COMPILER_GENERATE_SWIFT_ASSET_SYMBOL_EXTENSIONS = YES;
				CLANG_ANALYZER_NONNULL = YES;
				CLANG_ANALYZER_NUMBER_OBJECT_CONVERSION = YES_AGGRESSIVE;
				CLANG_CXX_LANGUAGE_STANDARD = "gnu++20";
				CLANG_ENABLE_MODULES = YES;
				CLANG_ENABLE_OBJC_ARC = YES;
				CLANG_ENABLE_OBJC_WEAK = YES;
				CLANG_WARN_BLOCK_CAPTURE_AUTORELEASING = YES;
				CLANG_WARN_BOOL_CONVERSION = YES;
				CLANG_WARN_COMMA = YES;
				CLANG_WARN_CONSTANT_CONVERSION = YES;
				CLANG_WARN_DEPRECATED_OBJC_IMPLEMENTATIONS = YES;
				CLANG_WARN_DIRECT_OBJC_ISA_USAGE = YES_ERROR;
				CLANG_WARN_DOCUMENTATION_COMMENTS = YES;
				CLANG_WARN_EMPTY_BODY = YES;
				CLANG_WARN_ENUM_CONVERSION = YES;
				CLANG_WARN_INFINITE_RECURSION = YES;
				CLANG_WARN_INT_CONVERSION = YES;
				CLANG_WARN_NON_LITERAL_NULL_CONVERSION = YES;
				CLANG_WARN_OBJC_IMPLICIT_RETAIN_SELF = YES;
				CLANG_WARN_OBJC_LITERAL_CONVERSION = YES;
				CLANG_WARN_OBJC_ROOT_CLASS = YES_ERROR;
				CLANG_WARN_QUOTED_INCLUDE_IN_FRAMEWORK_HEADER = YES;
				CLANG_WARN_RANGE_LOOP_ANALYSIS = YES;
				CLANG_WARN_STRICT_PROTOTYPES = YES;
				CLANG_WARN_SUSPICIOUS_MOVE = YES;
				CLANG_WARN_UNGUARDED_AVAILABILITY = YES_AGGRESSIVE;
				CLANG_WARN_UNREACHABLE_CODE = YES;
				CLANG_WARN__DUPLICATE_METHOD_MATCH = YES;
				COPY_PHASE_STRIP = NO;
				DEBUG_INFORMATION_FORMAT = dwarf;
				DEVELOPMENT_TEAM = QJS4FJ5R3Z;
				ENABLE_STRICT_OBJC_MSGSEND = YES;
				ENABLE_TESTABILITY = YES;
				ENABLE_USER_SCRIPT_SANDBOXING = YES;
				GCC_C_LANGUAGE_STANDARD = gnu17;
				GCC_DYNAMIC_NO_PIC = NO;
				GCC_NO_COMMON_BLOCKS = YES;
				GCC_OPTIMIZATION_LEVEL = 0;
				GCC_PREPROCESSOR_DEFINITIONS = (
					"DEBUG=1",
					"$(inherited)",
				);
				GCC_WARN_64_TO_32_BIT_CONVERSION = YES;
				GCC_WARN_ABOUT_RETURN_TYPE = YES_ERROR;
				GCC_WARN_UNDECLARED_SELECTOR = YES;
				GCC_WARN_UNINITIALIZED_AUTOS = YES_AGGRESSIVE;
				GCC_WARN_UNUSED_FUNCTION = YES;
				GCC_WARN_UNUSED_VARIABLE = YES;
				IPHONEOS_DEPLOYMENT_TARGET = 26.1;
				LOCALIZATION_PREFERS_STRING_CATALOGS = YES;
				MTL_ENABLE_DEBUG_INFO = INCLUDE_SOURCE;
				MTL_FAST_MATH = YES;
				ONLY_ACTIVE_ARCH = YES;
				SDKROOT = iphoneos;
				SWIFT_ACTIVE_COMPILATION_CONDITIONS = "DEBUG $(inherited)";
				SWIFT_OPTIMIZATION_LEVEL = "-Onone";
			};
			name = Debug;
		};
		77E04C222EE57CE800BCDDB2 /* Release */ = {
			isa = XCBuildConfiguration;
			buildSettings = {
				ALWAYS_SEARCH_USER_PATHS = NO;
				ASSETCATALOG_COMPILER_GENERATE_SWIFT_ASSET_SYMBOL_EXTENSIONS = YES;
				CLANG_ANALYZER_NONNULL = YES;
				CLANG_ANALYZER_NUMBER_OBJECT_CONVERSION = YES_AGGRESSIVE;
				CLANG_CXX_LANGUAGE_STANDARD = "gnu++20";
				CLANG_ENABLE_MODULES = YES;
				CLANG_ENABLE_OBJC_ARC = YES;
				CLANG_ENABLE_OBJC_WEAK = YES;
				CLANG_WARN_BLOCK_CAPTURE_AUTORELEASING = YES;
				CLANG_WARN_BOOL_CONVERSION = YES;
				CLANG_WARN_COMMA = YES;
				CLANG_WARN_CONSTANT_CONVERSION = YES;
				CLANG_WARN_DEPRECATED_OBJC_IMPLEMENTATIONS = YES;
				CLANG_WARN_DIRECT_OBJC_ISA_USAGE = YES_ERROR;
				CLANG_WARN_DOCUMENTATION_COMMENTS = YES;
				CLANG_WARN_EMPTY_BODY = YES;
				CLANG_WARN_ENUM_CONVERSION = YES;
				CLANG_WARN_INFINITE_RECURSION = YES;
				CLANG_WARN_INT_CONVERSION = YES;
				CLANG_WARN_NON_LITERAL_NULL_CONVERSION = YES;
				CLANG_WARN_OBJC_IMPLICIT_RETAIN_SELF = YES;
				CLANG_WARN_OBJC_LITERAL_CONVERSION = YES;
				CLANG_WARN_OBJC_ROOT_CLASS = YES_ERROR;
				CLANG_WARN_QUOTED_INCLUDE_IN_FRAMEWORK_HEADER = YES;
				CLANG_WARN_RANGE_LOOP_ANALYSIS = YES;
				CLANG_WARN_STRICT_PROTOTYPES = YES;
				CLANG_WARN_SUSPICIOUS_MOVE = YES;
				CLANG_WARN_UNGUARDED_AVAILABILITY = YES_AGGRESSIVE;
				CLANG_WARN_UNREACHABLE_CODE = YES;
				CLANG_WARN__DUPLICATE_METHOD_MATCH = YES;
				COPY_PHASE_STRIP = NO;
				DEBUG_INFORMATION_FORMAT = "dwarf-with-dsym";
				DEVELOPMENT_TEAM = QJS4FJ5R3Z;
				ENABLE_NS_ASSERTIONS = NO;
				ENABLE_STRICT_OBJC_MSGSEND = YES;
				ENABLE_USER_SCRIPT_SANDBOXING = YES;
				GCC_C_LANGUAGE_STANDARD = gnu17;
				GCC_NO_COMMON_BLOCKS = YES;
				GCC_WARN_64_TO_32_BIT_CONVERSION = YES;
				GCC_WARN_ABOUT_RETURN_TYPE = YES_ERROR;
				GCC_WARN_UNDECLARED_SELECTOR = YES;
				GCC_WARN_UNINITIALIZED_AUTOS = YES_AGGRESSIVE;
				GCC_WARN_UNUSED_FUNCTION = YES;
				GCC_WARN_UNUSED_VARIABLE = YES;
				IPHONEOS_DEPLOYMENT_TARGET = 26.1;
				LOCALIZATION_PREFERS_STRING_CATALOGS = YES;
				MTL_ENABLE_DEBUG_INFO = NO;
				MTL_FAST_MATH = YES;
				SDKROOT = iphoneos;
				SWIFT_COMPILATION_MODE = wholemodule;
				VALIDATE_PRODUCT = YES;
			};
			name = Release;
		};
		77E04C242EE57CE800BCDDB2 /* Debug */ = {
			isa = XCBuildConfiguration;
			buildSettings = {
				BUNDLE_LOADER = "$(TEST_HOST)";
				CODE_SIGN_STYLE = Automatic;
				CURRENT_PROJECT_VERSION = 1;
				DEVELOPMENT_TEAM = QJS4FJ5R3Z;
				GENERATE_INFOPLIST_FILE = YES;
				IPHONEOS_DEPLOYMENT_TARGET = 26.1;
				MARKETING_VERSION = 1.0;
				PRODUCT_BUNDLE_IDENTIFIER = "com.Startup-HeroesTests";
				PRODUCT_NAME = "$(TARGET_NAME)";
				STRING_CATALOG_GENERATE_SYMBOLS = NO;
				SWIFT_APPROACHABLE_CONCURRENCY = YES;
				SWIFT_EMIT_LOC_STRINGS = NO;
				SWIFT_UPCOMING_FEATURE_MEMBER_IMPORT_VISIBILITY = YES;
				SWIFT_VERSION = 5.0;
				TARGETED_DEVICE_FAMILY = "1,2";
				TEST_HOST = "$(BUILT_PRODUCTS_DIR)/Startup Heroes.app/$(BUNDLE_EXECUTABLE_FOLDER_PATH)/Startup Heroes";
			};
			name = Debug;
		};
		77E04C252EE57CE800BCDDB2 /* Release */ = {
			isa = XCBuildConfiguration;
			buildSettings = {
				BUNDLE_LOADER = "$(TEST_HOST)";
				CODE_SIGN_STYLE = Automatic;
				CURRENT_PROJECT_VERSION = 1;
				DEVELOPMENT_TEAM = QJS4FJ5R3Z;
				GENERATE_INFOPLIST_FILE = YES;
				IPHONEOS_DEPLOYMENT_TARGET = 26.1;
				MARKETING_VERSION = 1.0;
				PRODUCT_BUNDLE_IDENTIFIER = "com.Startup-HeroesTests";
				PRODUCT_NAME = "$(TARGET_NAME)";
				STRING_CATALOG_GENERATE_SYMBOLS = NO;
				SWIFT_APPROACHABLE_CONCURRENCY = YES;
				SWIFT_EMIT_LOC_STRINGS = NO;
				SWIFT_UPCOMING_FEATURE_MEMBER_IMPORT_VISIBILITY = YES;
				SWIFT_VERSION = 5.0;
				TARGETED_DEVICE_FAMILY = "1,2";
				TEST_HOST = "$(BUILT_PRODUCTS_DIR)/Startup Heroes.app/$(BUNDLE_EXECUTABLE_FOLDER_PATH)/Startup Heroes";
			};
			name = Release;
		};
		77E04C272EE57CE800BCDDB2 /* Debug */ = {
			isa = XCBuildConfiguration;
			buildSettings = {
				CODE_SIGN_STYLE = Automatic;
				CURRENT_PROJECT_VERSION = 1;
				DEVELOPMENT_TEAM = QJS4FJ5R3Z;
				GENERATE_INFOPLIST_FILE = YES;
				MARKETING_VERSION = 1.0;
				PRODUCT_BUNDLE_IDENTIFIER = "com.Startup-HeroesUITests";
				PRODUCT_NAME = "$(TARGET_NAME)";
				STRING_CATALOG_GENERATE_SYMBOLS = NO;
				SWIFT_APPROACHABLE_CONCURRENCY = YES;
				SWIFT_EMIT_LOC_STRINGS = NO;
				SWIFT_UPCOMING_FEATURE_MEMBER_IMPORT_VISIBILITY = YES;
				SWIFT_VERSION = 5.0;
				TARGETED_DEVICE_FAMILY = "1,2";
				TEST_TARGET_NAME = "Startup Heroes";
			};
			name = Debug;
		};
		77E04C282EE57CE800BCDDB2 /* Release */ = {
			isa = XCBuildConfiguration;
			buildSettings = {
				CODE_SIGN_STYLE = Automatic;
				CURRENT_PROJECT_VERSION = 1;
				DEVELOPMENT_TEAM = QJS4FJ5R3Z;
				GENERATE_INFOPLIST_FILE = YES;
				MARKETING_VERSION = 1.0;
				PRODUCT_BUNDLE_IDENTIFIER = "com.Startup-HeroesUITests";
				PRODUCT_NAME = "$(TARGET_NAME)";
				STRING_CATALOG_GENERATE_SYMBOLS = NO;
				SWIFT_APPROACHABLE_CONCURRENCY = YES;
				SWIFT_EMIT_LOC_STRINGS = NO;
				SWIFT_UPCOMING_FEATURE_MEMBER_IMPORT_VISIBILITY = YES;
				SWIFT_VERSION = 5.0;
				TARGETED_DEVICE_FAMILY = "1,2";
				TEST_TARGET_NAME = "Startup Heroes";
			};
			name = Release;
		};
/* End XCBuildConfiguration section */

/* Begin XCConfigurationList section */
		77E04BF02EE57CE700BCDDB2 /* Build configuration list for PBXProject "Startup Heroes" */ = {
			isa = XCConfigurationList;
			buildConfigurations = (
				77E04C212EE57CE800BCDDB2 /* Debug */,
				77E04C222EE57CE800BCDDB2 /* Release */,
			);
			defaultConfigurationIsVisible = 0;
			defaultConfigurationName = Release;
		};
		77E04C1E2EE57CE800BCDDB2 /* Build configuration list for PBXNativeTarget "Startup Heroes" */ = {
			isa = XCConfigurationList;
			buildConfigurations = (
				77E04C1F2EE57CE800BCDDB2 /* Debug */,
				77E04C202EE57CE800BCDDB2 /* Release */,
			);
			defaultConfigurationIsVisible = 0;
			defaultConfigurationName = Release;
		};
		77E04C232EE57CE800BCDDB2 /* Build configuration list for PBXNativeTarget "Startup HeroesTests" */ = {
			isa = XCConfigurationList;
			buildConfigurations = (
				77E04C242EE57CE800BCDDB2 /* Debug */,
				77E04C252EE57CE800BCDDB2 /* Release */,
			);
			defaultConfigurationIsVisible = 0;
			defaultConfigurationName = Release;
		};
		77E04C262EE57CE800BCDDB2 /* Build configuration list for PBXNativeTarget "Startup HeroesUITests" */ = {
			isa = XCConfigurationList;
			buildConfigurations = (
				77E04C272EE57CE800BCDDB2 /* Debug */,
				77E04C282EE57CE800BCDDB2 /* Release */,
			);
			defaultConfigurationIsVisible = 0;
			defaultConfigurationName = Release;
		};
/* End XCConfigurationList section */
	};
	rootObject = 77E04BED2EE57CE700BCDDB2 /* Project object */;
}
